// !$*UTF8*$!
{
	archiveVersion = 1;
	classes = {
	};
	objectVersion = 56;
	objects = {

/* Begin PBXBuildFile section */
		170D7F7129200E7500D86791 /* MapView.png in Resources */ = {isa = PBXBuildFile; fileRef = 170D7F7029200E7500D86791 /* MapView.png */; };
		175286BA28E18FF500CCCE6A /* CoffeeAppApp.swift in Sources */ = {isa = PBXBuildFile; fileRef = 175286B928E18FF500CCCE6A /* CoffeeAppApp.swift */; };
		175286BC28E18FF500CCCE6A /* ContentView.swift in Sources */ = {isa = PBXBuildFile; fileRef = 175286BB28E18FF500CCCE6A /* ContentView.swift */; };
		175286BE28E18FF600CCCE6A /* Assets.xcassets in Resources */ = {isa = PBXBuildFile; fileRef = 175286BD28E18FF600CCCE6A /* Assets.xcassets */; };
		175286C128E18FF600CCCE6A /* Preview Assets.xcassets in Resources */ = {isa = PBXBuildFile; fileRef = 175286C028E18FF600CCCE6A /* Preview Assets.xcassets */; };
		175286C828E191CD00CCCE6A /* CoffeeModel.swift in Sources */ = {isa = PBXBuildFile; fileRef = 175286C728E191CD00CCCE6A /* CoffeeModel.swift */; };
		175286CC28E1937200CCCE6A /* CoffeeMapView.swift in Sources */ = {isa = PBXBuildFile; fileRef = 175286CB28E1937200CCCE6A /* CoffeeMapView.swift */; };
		175286D328E19D2900CCCE6A /* places.json in Resources */ = {isa = PBXBuildFile; fileRef = 175286D228E19D2900CCCE6A /* places.json */; };
		175286D528E1A3F600CCCE6A /* CoffeViewModel.swift in Sources */ = {isa = PBXBuildFile; fileRef = 175286D428E1A3F600CCCE6A /* CoffeViewModel.swift */; };
		175286D728E1A58700CCCE6A /* ListCoffee.swift in Sources */ = {isa = PBXBuildFile; fileRef = 175286D628E1A58700CCCE6A /* ListCoffee.swift */; };
		175286DC28E1B13300CCCE6A /* CustomAnnotation.swift in Sources */ = {isa = PBXBuildFile; fileRef = 175286DB28E1B13300CCCE6A /* CustomAnnotation.swift */; };
		175286DE28E1B62300CCCE6A /* CoffeeDetailView.swift in Sources */ = {isa = PBXBuildFile; fileRef = 175286DD28E1B62300CCCE6A /* CoffeeDetailView.swift */; };
		175286E028E1CA0A00CCCE6A /* LocationPreviewView.swift in Sources */ = {isa = PBXBuildFile; fileRef = 175286DF28E1CA0A00CCCE6A /* LocationPreviewView.swift */; };
/* End PBXBuildFile section */

/* Begin PBXFileReference section */
		170D7F7029200E7500D86791 /* MapView.png */ = {isa = PBXFileReference; lastKnownFileType = image.png; path = MapView.png; sourceTree = "<group>"; };
		175286B628E18FF500CCCE6A /* CoffeeApp.app */ = {isa = PBXFileReference; explicitFileType = wrapper.application; includeInIndex = 0; path = CoffeeApp.app; sourceTree = BUILT_PRODUCTS_DIR; };
		175286B928E18FF500CCCE6A /* CoffeeAppApp.swift */ = {isa = PBXFileReference; lastKnownFileType = sourcecode.swift; path = CoffeeAppApp.swift; sourceTree = "<group>"; };
		175286BB28E18FF500CCCE6A /* ContentView.swift */ = {isa = PBXFileReference; lastKnownFileType = sourcecode.swift; path = ContentView.swift; sourceTree = "<group>"; };
		175286BD28E18FF600CCCE6A /* Assets.xcassets */ = {isa = PBXFileReference; lastKnownFileType = folder.assetcatalog; path = Assets.xcassets; sourceTree = "<group>"; };
		175286C028E18FF600CCCE6A /* Preview Assets.xcassets */ = {isa = PBXFileReference; lastKnownFileType = folder.assetcatalog; path = "Preview Assets.xcassets"; sourceTree = "<group>"; };
		175286C728E191CD00CCCE6A /* CoffeeModel.swift */ = {isa = PBXFileReference; lastKnownFileType = sourcecode.swift; path = CoffeeModel.swift; sourceTree = "<group>"; };
		175286CB28E1937200CCCE6A /* CoffeeMapView.swift */ = {isa = PBXFileReference; lastKnownFileType = sourcecode.swift; path = CoffeeMapView.swift; sourceTree = "<group>"; };
		175286D228E19D2900CCCE6A /* places.json */ = {isa = PBXFileReference; fileEncoding = 4; lastKnownFileType = text.json; path = places.json; sourceTree = "<group>"; };
		175286D428E1A3F600CCCE6A /* CoffeViewModel.swift */ = {isa = PBXFileReference; lastKnownFileType = sourcecode.swift; path = CoffeViewModel.swift; sourceTree = "<group>"; };
		175286D628E1A58700CCCE6A /* ListCoffee.swift */ = {isa = PBXFileReference; lastKnownFileType = sourcecode.swift; path = ListCoffee.swift; sourceTree = "<group>"; };
		175286DB28E1B13300CCCE6A /* CustomAnnotation.swift */ = {isa = PBXFileReference; lastKnownFileType = sourcecode.swift; path = CustomAnnotation.swift; sourceTree = "<group>"; };
		175286DD28E1B62300CCCE6A /* CoffeeDetailView.swift */ = {isa = PBXFileReference; lastKnownFileType = sourcecode.swift; path = CoffeeDetailView.swift; sourceTree = "<group>"; };
		175286DF28E1CA0A00CCCE6A /* LocationPreviewView.swift */ = {isa = PBXFileReference; lastKnownFileType = sourcecode.swift; path = LocationPreviewView.swift; sourceTree = "<group>"; };
/* End PBXFileReference section */

/* Begin PBXFrameworksBuildPhase section */
		175286B328E18FF500CCCE6A /* Frameworks */ = {
			isa = PBXFrameworksBuildPhase;
			buildActionMask = 2147483647;
			files = (
			);
			runOnlyForDeploymentPostprocessing = 0;
		};
/* End PBXFrameworksBuildPhase section */

/* Begin PBXGroup section */
		170D7F6F29200E5400D86791 /* Images */ = {
			isa = PBXGroup;
			children = (
				170D7F7029200E7500D86791 /* MapView.png */,
			);
			path = Images;
			sourceTree = "<group>";
		};
		175286AD28E18FF500CCCE6A = {
			isa = PBXGroup;
			children = (
				170D7F6F29200E5400D86791 /* Images */,
				175286B828E18FF500CCCE6A /* CoffeeApp */,
				175286B728E18FF500CCCE6A /* Products */,
			);
			sourceTree = "<group>";
		};
		175286B728E18FF500CCCE6A /* Products */ = {
			isa = PBXGroup;
			children = (
				175286B628E18FF500CCCE6A /* CoffeeApp.app */,
			);
			name = Products;
			sourceTree = "<group>";
		};
		175286B828E18FF500CCCE6A /* CoffeeApp */ = {
			isa = PBXGroup;
			children = (
				175286B928E18FF500CCCE6A /* CoffeeAppApp.swift */,
				175286BB28E18FF500CCCE6A /* ContentView.swift */,
				175286CF28E195AA00CCCE6A /* Models */,
				175286DA28E1AA2100CCCE6A /* Views */,
				175286E128E1D17500CCCE6A /* ViewModels */,
				175286BD28E18FF600CCCE6A /* Assets.xcassets */,
				175286BF28E18FF600CCCE6A /* Preview Content */,
			);
			path = CoffeeApp;
			sourceTree = "<group>";
		};
		175286BF28E18FF600CCCE6A /* Preview Content */ = {
			isa = PBXGroup;
			children = (
				175286C028E18FF600CCCE6A /* Preview Assets.xcassets */,
			);
			path = "Preview Content";
			sourceTree = "<group>";
		};
		175286CF28E195AA00CCCE6A /* Models */ = {
			isa = PBXGroup;
			children = (
				175286D228E19D2900CCCE6A /* places.json */,
				175286C728E191CD00CCCE6A /* CoffeeModel.swift */,
			);
			path = Models;
			sourceTree = "<group>";
		};
		175286DA28E1AA2100CCCE6A /* Views */ = {
			isa = PBXGroup;
			children = (
				175286D628E1A58700CCCE6A /* ListCoffee.swift */,
				175286DD28E1B62300CCCE6A /* CoffeeDetailView.swift */,
				175286CB28E1937200CCCE6A /* CoffeeMapView.swift */,
				175286DF28E1CA0A00CCCE6A /* LocationPreviewView.swift */,
				175286DB28E1B13300CCCE6A /* CustomAnnotation.swift */,
			);
			path = Views;
			sourceTree = "<group>";
		};
		175286E128E1D17500CCCE6A /* ViewModels */ = {
			isa = PBXGroup;
			children = (
				175286D428E1A3F600CCCE6A /* CoffeViewModel.swift */,
			);
			path = ViewModels;
			sourceTree = "<group>";
		};
/* End PBXGroup section */

/* Begin PBXNativeTarget section */
		175286B528E18FF500CCCE6A /* CoffeeApp */ = {
			isa = PBXNativeTarget;
			buildConfigurationList = 175286C428E18FF600CCCE6A /* Build configuration list for PBXNativeTarget "CoffeeApp" */;
			buildPhases = (
				175286B228E18FF500CCCE6A /* Sources */,
				175286B328E18FF500CCCE6A /* Frameworks */,
				175286B428E18FF500CCCE6A /* Resources */,
			);
			buildRules = (
			);
			dependencies = (
			);
			name = CoffeeApp;
			productName = CoffeeApp;
			productReference = 175286B628E18FF500CCCE6A /* CoffeeApp.app */;
			productType = "com.apple.product-type.application";
		};
/* End PBXNativeTarget section */

/* Begin PBXProject section */
		175286AE28E18FF500CCCE6A /* Project object */ = {
			isa = PBXProject;
			attributes = {
				BuildIndependentTargetsInParallel = 1;
				LastSwiftUpdateCheck = 1400;
				LastUpgradeCheck = 1400;
				TargetAttributes = {
					175286B528E18FF500CCCE6A = {
						CreatedOnToolsVersion = 14.0;
					};
				};
			};
			buildConfigurationList = 175286B128E18FF500CCCE6A /* Build configuration list for PBXProject "CoffeeApp" */;
			compatibilityVersion = "Xcode 14.0";
			developmentRegion = en;
			hasScannedForEncodings = 0;
			knownRegions = (
				en,
				Base,
			);
			mainGroup = 175286AD28E18FF500CCCE6A;
			productRefGroup = 175286B728E18FF500CCCE6A /* Products */;
			projectDirPath = "";
			projectRoot = "";
			targets = (
				175286B528E18FF500CCCE6A /* CoffeeApp */,
			);
		};
/* End PBXProject section */

/* Begin PBXResourcesBuildPhase section */
		175286B428E18FF500CCCE6A /* Resources */ = {
			isa = PBXResourcesBuildPhase;
			buildActionMask = 2147483647;
			files = (
				175286D328E19D2900CCCE6A /* places.json in Resources */,
				175286C128E18FF600CCCE6A /* Preview Assets.xcassets in Resources */,
				175286BE28E18FF600CCCE6A /* Assets.xcassets in Resources */,
				170D7F7129200E7500D86791 /* MapView.png in Resources */,
			);
			runOnlyForDeploymentPostprocessing = 0;
		};
/* End PBXResourcesBuildPhase section */

/* Begin PBXSourcesBuildPhase section */
		175286B228E18FF500CCCE6A /* Sources */ = {
			isa = PBXSourcesBuildPhase;
			buildActionMask = 2147483647;
			files = (
				175286D528E1A3F600CCCE6A /* CoffeViewModel.swift in Sources */,
				175286BC28E18FF500CCCE6A /* ContentView.swift in Sources */,
				175286DC28E1B13300CCCE6A /* CustomAnnotation.swift in Sources */,
				175286DE28E1B62300CCCE6A /* CoffeeDetailView.swift in Sources */,
				175286BA28E18FF500CCCE6A /* CoffeeAppApp.swift in Sources */,
				175286C828E191CD00CCCE6A /* CoffeeModel.swift in Sources */,
				175286CC28E1937200CCCE6A /* CoffeeMapView.swift in Sources */,
				175286D728E1A58700CCCE6A /* ListCoffee.swift in Sources */,
				175286E028E1CA0A00CCCE6A /* LocationPreviewView.swift in Sources */,
			);
			runOnlyForDeploymentPostprocessing = 0;
		};
/* End PBXSourcesBuildPhase section */

/* Begin XCBuildConfiguration section */
		175286C228E18FF600CCCE6A /* Debug */ = {
			isa = XCBuildConfiguration;
			buildSettings = {
				ALWAYS_SEARCH_USER_PATHS = NO;
				CLANG_ANALYZER_NONNULL = YES;
				CLANG_ANALYZER_NUMBER_OBJECT_CONVERSION = YES_AGGRESSIVE;
				CLANG_CXX_LANGUAGE_STANDARD = "gnu++20";
				CLANG_ENABLE_MODULES = YES;
				CLANG_ENABLE_OBJC_ARC = YES;
				CLANG_ENABLE_OBJC_WEAK = YES;
				CLANG_WARN_BLOCK_CAPTURE_AUTORELEASING = YES;
				CLANG_WARN_BOOL_CONVERSION = YES;
				CLANG_WARN_COMMA = YES;
				CLANG_WARN_CONSTANT_CONVERSION = YES;
				CLANG_WARN_DEPRECATED_OBJC_IMPLEMENTATIONS = YES;
				CLANG_WARN_DIRECT_OBJC_ISA_USAGE = YES_ERROR;
				CLANG_WARN_DOCUMENTATION_COMMENTS = YES;
				CLANG_WARN_EMPTY_BODY = YES;
				CLANG_WARN_ENUM_CONVERSION = YES;
				CLANG_WARN_INFINITE_RECURSION = YES;
				CLANG_WARN_INT_CONVERSION = YES;
				CLANG_WARN_NON_LITERAL_NULL_CONVERSION = YES;
				CLANG_WARN_OBJC_IMPLICIT_RETAIN_SELF = YES;
				CLANG_WARN_OBJC_LITERAL_CONVERSION = YES;
				CLANG_WARN_OBJC_ROOT_CLASS = YES_ERROR;
				CLANG_WARN_QUOTED_INCLUDE_IN_FRAMEWORK_HEADER = YES;
				CLANG_WARN_RANGE_LOOP_ANALYSIS = YES;
				CLANG_WARN_STRICT_PROTOTYPES = YES;
				CLANG_WARN_SUSPICIOUS_MOVE = YES;
				CLANG_WARN_UNGUARDED_AVAILABILITY = YES_AGGRESSIVE;
				CLANG_WARN_UNREACHABLE_CODE = YES;
				CLANG_WARN__DUPLICATE_METHOD_MATCH = YES;
				COPY_PHASE_STRIP = NO;
				DEBUG_INFORMATION_FORMAT = dwarf;
				ENABLE_STRICT_OBJC_MSGSEND = YES;
				ENABLE_TESTABILITY = YES;
				GCC_C_LANGUAGE_STANDARD = gnu11;
				GCC_DYNAMIC_NO_PIC = NO;
				GCC_NO_COMMON_BLOCKS = YES;
				GCC_OPTIMIZATION_LEVEL = 0;
				GCC_PREPROCESSOR_DEFINITIONS = (
					"DEBUG=1",
					"$(inherited)",
				);
				GCC_WARN_64_TO_32_BIT_CONVERSION = YES;
				GCC_WARN_ABOUT_RETURN_TYPE = YES_ERROR;
				GCC_WARN_UNDECLARED_SELECTOR = YES;
				GCC_WARN_UNINITIALIZED_AUTOS = YES_AGGRESSIVE;
				GCC_WARN_UNUSED_FUNCTION = YES;
				GCC_WARN_UNUSED_VARIABLE = YES;
				IPHONEOS_DEPLOYMENT_TARGET = 16.0;
				MTL_ENABLE_DEBUG_INFO = INCLUDE_SOURCE;
				MTL_FAST_MATH = YES;
				ONLY_ACTIVE_ARCH = YES;
				SDKROOT = iphoneos;
				SWIFT_ACTIVE_COMPILATION_CONDITIONS = DEBUG;
				SWIFT_OPTIMIZATION_LEVEL = "-Onone";
			};
			name = Debug;
		};
		175286C328E18FF600CCCE6A /* Release */ = {
			isa = XCBuildConfiguration;
			buildSettings = {
				ALWAYS_SEARCH_USER_PATHS = NO;
				CLANG_ANALYZER_NONNULL = YES;
				CLANG_ANALYZER_NUMBER_OBJECT_CONVERSION = YES_AGGRESSIVE;
				CLANG_CXX_LANGUAGE_STANDARD = "gnu++20";
				CLANG_ENABLE_MODULES = YES;
				CLANG_ENABLE_OBJC_ARC = YES;
				CLANG_ENABLE_OBJC_WEAK = YES;
				CLANG_WARN_BLOCK_CAPTURE_AUTORELEASING = YES;
				CLANG_WARN_BOOL_CONVERSION = YES;
				CLANG_WARN_COMMA = YES;
				CLANG_WARN_CONSTANT_CONVERSION = YES;
				CLANG_WARN_DEPRECATED_OBJC_IMPLEMENTATIONS = YES;
				CLANG_WARN_DIRECT_OBJC_ISA_USAGE = YES_ERROR;
				CLANG_WARN_DOCUMENTATION_COMMENTS = YES;
				CLANG_WARN_EMPTY_BODY = YES;
				CLANG_WARN_ENUM_CONVERSION = YES;
				CLANG_WARN_INFINITE_RECURSION = YES;
				CLANG_WARN_INT_CONVERSION = YES;
				CLANG_WARN_NON_LITERAL_NULL_CONVERSION = YES;
				CLANG_WARN_OBJC_IMPLICIT_RETAIN_SELF = YES;
				CLANG_WARN_OBJC_LITERAL_CONVERSION = YES;
				CLANG_WARN_OBJC_ROOT_CLASS = YES_ERROR;
				CLANG_WARN_QUOTED_INCLUDE_IN_FRAMEWORK_HEADER = YES;
				CLANG_WARN_RANGE_LOOP_ANALYSIS = YES;
				CLANG_WARN_STRICT_PROTOTYPES = YES;
				CLANG_WARN_SUSPICIOUS_MOVE = YES;
				CLANG_WARN_UNGUARDED_AVAILABILITY = YES_AGGRESSIVE;
				CLANG_WARN_UNREACHABLE_CODE = YES;
				CLANG_WARN__DUPLICATE_METHOD_MATCH = YES;
				COPY_PHASE_STRIP = NO;
				DEBUG_INFORMATION_FORMAT = "dwarf-with-dsym";
				ENABLE_NS_ASSERTIONS = NO;
				ENABLE_STRICT_OBJC_MSGSEND = YES;
				GCC_C_LANGUAGE_STANDARD = gnu11;
				GCC_NO_COMMON_BLOCKS = YES;
				GCC_WARN_64_TO_32_BIT_CONVERSION = YES;
				GCC_WARN_ABOUT_RETURN_TYPE = YES_ERROR;
				GCC_WARN_UNDECLARED_SELECTOR = YES;
				GCC_WARN_UNINITIALIZED_AUTOS = YES_AGGRESSIVE;
				GCC_WARN_UNUSED_FUNCTION = YES;
				GCC_WARN_UNUSED_VARIABLE = YES;
				IPHONEOS_DEPLOYMENT_TARGET = 16.0;
				MTL_ENABLE_DEBUG_INFO = NO;
				MTL_FAST_MATH = YES;
				SDKROOT = iphoneos;
				SWIFT_COMPILATION_MODE = wholemodule;
				SWIFT_OPTIMIZATION_LEVEL = "-O";
				VALIDATE_PRODUCT = YES;
			};
			name = Release;
		};
		175286C528E18FF600CCCE6A /* Debug */ = {
			isa = XCBuildConfiguration;
			buildSettings = {
				ASSETCATALOG_COMPILER_APPICON_NAME = AppIcon;
				ASSETCATALOG_COMPILER_GLOBAL_ACCENT_COLOR_NAME = AccentColor;
				CODE_SIGN_STYLE = Automatic;
				CURRENT_PROJECT_VERSION = 1;
				DEVELOPMENT_ASSET_PATHS = "\"CoffeeApp/Preview Content\"";
				DEVELOPMENT_TEAM = 8YR2KQ4MQ5;
				ENABLE_PREVIEWS = YES;
				GENERATE_INFOPLIST_FILE = YES;
				INFOPLIST_KEY_UIApplicationSceneManifest_Generation = YES;
				INFOPLIST_KEY_UIApplicationSupportsIndirectInputEvents = YES;
				INFOPLIST_KEY_UILaunchScreen_Generation = YES;
				INFOPLIST_KEY_UISupportedInterfaceOrientations_iPad = "UIInterfaceOrientationPortrait UIInterfaceOrientationPortraitUpsideDown UIInterfaceOrientationLandscapeLeft UIInterfaceOrientationLandscapeRight";
				INFOPLIST_KEY_UISupportedInterfaceOrientations_iPhone = "UIInterfaceOrientationPortrait UIInterfaceOrientationLandscapeLeft UIInterfaceOrientationLandscapeRight";
				LD_RUNPATH_SEARCH_PATHS = (
					"$(inherited)",
					"@executable_path/Frameworks",
				);
				MARKETING_VERSION = 1.0;
				PRODUCT_BUNDLE_IDENTIFIER = com.Tristan.CoffeeApp;
				PRODUCT_NAME = "$(TARGET_NAME)";
				SWIFT_EMIT_LOC_STRINGS = YES;
				SWIFT_VERSION = 5.0;
				TARGETED_DEVICE_FAMILY = "1,2";
			};
			name = Debug;
		};
		175286C628E18FF600CCCE6A /* Release */ = {
			isa = XCBuildConfiguration;
			buildSettings = {
				ASSETCATALOG_COMPILER_APPICON_NAME = AppIcon;
				ASSETCATALOG_COMPILER_GLOBAL_ACCENT_COLOR_NAME = AccentColor;
				CODE_SIGN_STYLE = Automatic;
				CURRENT_PROJECT_VERSION = 1;
				DEVELOPMENT_ASSET_PATHS = "\"CoffeeApp/Preview Content\"";
				DEVELOPMENT_TEAM = 8YR2KQ4MQ5;
				ENABLE_PREVIEWS = YES;
				GENERATE_INFOPLIST_FILE = YES;
				INFOPLIST_KEY_UIApplicationSceneManifest_Generation = YES;
				INFOPLIST_KEY_UIApplicationSupportsIndirectInputEvents = YES;
				INFOPLIST_KEY_UILaunchScreen_Generation = YES;
				INFOPLIST_KEY_UISupportedInterfaceOrientations_iPad = "UIInterfaceOrientationPortrait UIInterfaceOrientationPortraitUpsideDown UIInterfaceOrientationLandscapeLeft UIInterfaceOrientationLandscapeRight";
				INFOPLIST_KEY_UISupportedInterfaceOrientations_iPhone = "UIInterfaceOrientationPortrait UIInterfaceOrientationLandscapeLeft UIInterfaceOrientationLandscapeRight";
				LD_RUNPATH_SEARCH_PATHS = (
					"$(inherited)",
					"@executable_path/Frameworks",
				);
				MARKETING_VERSION = 1.0;
				PRODUCT_BUNDLE_IDENTIFIER = com.Tristan.CoffeeApp;
				PRODUCT_NAME = "$(TARGET_NAME)";
				SWIFT_EMIT_LOC_STRINGS = YES;
				SWIFT_VERSION = 5.0;
				TARGETED_DEVICE_FAMILY = "1,2";
			};
			name = Release;
		};
/* End XCBuildConfiguration section */

/* Begin XCConfigurationList section */
		175286B128E18FF500CCCE6A /* Build configuration list for PBXProject "CoffeeApp" */ = {
			isa = XCConfigurationList;
			buildConfigurations = (
				175286C228E18FF600CCCE6A /* Debug */,
				175286C328E18FF600CCCE6A /* Release */,
			);
			defaultConfigurationIsVisible = 0;
			defaultConfigurationName = Release;
		};
		175286C428E18FF600CCCE6A /* Build configuration list for PBXNativeTarget "CoffeeApp" */ = {
			isa = XCConfigurationList;
			buildConfigurations = (
				175286C528E18FF600CCCE6A /* Debug */,
				175286C628E18FF600CCCE6A /* Release */,
			);
			defaultConfigurationIsVisible = 0;
			defaultConfigurationName = Release;
		};
/* End XCConfigurationList section */
	};
	rootObject = 175286AE28E18FF500CCCE6A /* Project object */;
}
